# THIS IS AN AUTOGENERATED FILE. DO NOT EDIT THIS FILE DIRECTLY.
# yarn lockfile v1


"@angular/core@^2.0.0":
  version "2.4.4"
  resolved "https://registry.yarnpkg.com/@angular/core/-/core-2.4.4.tgz#eafef7bbdefea321fa5e79998bb2f6707c70729d"

typescript@^2.0.0:
  version "2.1.5"
  resolved "https://registry.yarnpkg.com/typescript/-/typescript-2.1.5.tgz#6fe9479e00e01855247cea216e7561bafcdbcd4a"
